
Microsoft Visual Studio Solution File, Format Version 12.00
# Visual Studio Version 16
VisualStudioVersion = 16.0.32428.217
MinimumVisualStudioVersion = 10.0.40219.1
Project("{FAE04EC0-301F-11D3-BF4B-00C04F79EFBC}") = "classeFncionario", "classeFncionario\classeFncionario.csproj", "{12DCDE36-EB2B-430E-BC3A-FF75CB2C3DF3}"
EndProject
Global
	GlobalSection(SolutionConfigurationPlatforms) = preSolution
		Debug|Any CPU = Debug|Any CPU
		Release|Any CPU = Release|Any CPU
	EndGlobalSection
	GlobalSection(ProjectConfigurationPlatforms) = postSolution
		{12DCDE36-EB2B-430E-BC3A-FF75CB2C3DF3}.Debug|Any CPU.ActiveCfg = Debug|Any CPU
		{12DCDE36-EB2B-430E-BC3A-FF75CB2C3DF3}.Debug|Any CPU.Build.0 = Debug|Any CPU
		{12DCDE36-EB2B-430E-BC3A-FF75CB2C3DF3}.Release|Any CPU.ActiveCfg = Release|Any CPU
		{12DCDE36-EB2B-430E-BC3A-FF75CB2C3DF3}.Release|Any CPU.Build.0 = Release|Any CPU
	EndGlobalSection
	GlobalSection(SolutionProperties) = preSolution
		HideSolutionNode = FALSE
	EndGlobalSection
	GlobalSection(ExtensibilityGlobals) = postSolution
		SolutionGuid = {3E5A2AD1-B084-4F7E-AAF7-8BB3028A2687}
	EndGlobalSection
EndGlobal
