
Microsoft Visual Studio Solution File, Format Version 12.00
# Visual Studio Version 16
VisualStudioVersion = 16.0.32428.217
MinimumVisualStudioVersion = 10.0.40219.1
Project("{FAE04EC0-301F-11D3-BF4B-00C04F79EFBC}") = "empresa", "empresa\empresa.csproj", "{A9FBC1F4-27A0-4190-A8EF-76F1F84B579F}"
EndProject
Global
	GlobalSection(SolutionConfigurationPlatforms) = preSolution
		Debug|Any CPU = Debug|Any CPU
		Release|Any CPU = Release|Any CPU
	EndGlobalSection
	GlobalSection(ProjectConfigurationPlatforms) = postSolution
		{A9FBC1F4-27A0-4190-A8EF-76F1F84B579F}.Debug|Any CPU.ActiveCfg = Debug|Any CPU
		{A9FBC1F4-27A0-4190-A8EF-76F1F84B579F}.Debug|Any CPU.Build.0 = Debug|Any CPU
		{A9FBC1F4-27A0-4190-A8EF-76F1F84B579F}.Release|Any CPU.ActiveCfg = Release|Any CPU
		{A9FBC1F4-27A0-4190-A8EF-76F1F84B579F}.Release|Any CPU.Build.0 = Release|Any CPU
	EndGlobalSection
	GlobalSection(SolutionProperties) = preSolution
		HideSolutionNode = FALSE
	EndGlobalSection
	GlobalSection(ExtensibilityGlobals) = postSolution
		SolutionGuid = {01042ACA-B954-410A-9073-C9F29B5588F1}
	EndGlobalSection
EndGlobal
